
Microsoft Visual Studio Solution File, Format Version 12.00
# Visual Studio 15
VisualStudioVersion = 15.0.26730.12
MinimumVisualStudioVersion = 10.0.40219.1
Project("{FAE04EC0-301F-11D3-BF4B-00C04F79EFBC}") = "SecuritiesAPI", "SecuritiesAPI\SecuritiesAPI.csproj", "{3275F359-DCEE-4359-AA62-638ECC5E635D}"
EndProject
Project("{FAE04EC0-301F-11D3-BF4B-00C04F79EFBC}") = "SecuritiesCommon", "SecurityTypes\SecuritiesCommon.csproj", "{39F0AF5B-0E94-4873-9A63-9F1010192C85}"
EndProject
Project("{FAE04EC0-301F-11D3-BF4B-00C04F79EFBC}") = "SecuritiesDAL", "SecuritiesDAL\SecuritiesDAL.csproj", "{5DCEA963-3A11-482B-A76B-07500CF3E8DF}"
EndProject
Global
	GlobalSection(SolutionConfigurationPlatforms) = preSolution
		Debug|Any CPU = Debug|Any CPU
		Release|Any CPU = Release|Any CPU
	EndGlobalSection
	GlobalSection(ProjectConfigurationPlatforms) = postSolution
		{3275F359-DCEE-4359-AA62-638ECC5E635D}.Debug|Any CPU.ActiveCfg = Debug|Any CPU
		{3275F359-DCEE-4359-AA62-638ECC5E635D}.Debug|Any CPU.Build.0 = Debug|Any CPU
		{3275F359-DCEE-4359-AA62-638ECC5E635D}.Release|Any CPU.ActiveCfg = Release|Any CPU
		{3275F359-DCEE-4359-AA62-638ECC5E635D}.Release|Any CPU.Build.0 = Release|Any CPU
		{39F0AF5B-0E94-4873-9A63-9F1010192C85}.Debug|Any CPU.ActiveCfg = Debug|Any CPU
		{39F0AF5B-0E94-4873-9A63-9F1010192C85}.Debug|Any CPU.Build.0 = Debug|Any CPU
		{39F0AF5B-0E94-4873-9A63-9F1010192C85}.Release|Any CPU.ActiveCfg = Release|Any CPU
		{39F0AF5B-0E94-4873-9A63-9F1010192C85}.Release|Any CPU.Build.0 = Release|Any CPU
		{5DCEA963-3A11-482B-A76B-07500CF3E8DF}.Debug|Any CPU.ActiveCfg = Debug|Any CPU
		{5DCEA963-3A11-482B-A76B-07500CF3E8DF}.Debug|Any CPU.Build.0 = Debug|Any CPU
		{5DCEA963-3A11-482B-A76B-07500CF3E8DF}.Release|Any CPU.ActiveCfg = Release|Any CPU
		{5DCEA963-3A11-482B-A76B-07500CF3E8DF}.Release|Any CPU.Build.0 = Release|Any CPU
	EndGlobalSection
	GlobalSection(SolutionProperties) = preSolution
		HideSolutionNode = FALSE
	EndGlobalSection
	GlobalSection(ExtensibilityGlobals) = postSolution
		SolutionGuid = {7956C3F9-0696-486B-B0E0-C9FF99D5B201}
	EndGlobalSection
EndGlobal
